# This file is autogenerated, do not edit; changes may be undone by the next 'dep ensure'.


[[projects]]
  branch = "master"
  digest = "1:cc53b1c716127359228f7875cab77c86057686028b237f3943824395a0fca736"
  name = "github.com/DusanKasan/parsemail"
  packages = ["."]
  pruneopts = "UT"
  revision = "0b3f8fbd290a122e14ef929ab93139b4cb1147d3"

[[projects]]
  branch = "master"
  digest = "1:5093757f5d8e02ec94f2ef59211c6e8d6cc3d9026c56f5c83ac59f1fc718d62d"
  name = "github.com/alash3al/go-smtpsrv"
  packages = ["."]
  pruneopts = "UT"
  revision = "2714f69a7f4683c3551e69cef89098011b5a24ff"

[[projects]]
  digest = "1:64241365fa95f35567976f0790ecfa85c9cb3d4131cc6d6cc7adb1cc6437159f"
  name = "github.com/go-resty/resty"
  packages = ["."]
  pruneopts = "UT"
  revision = "13ff84ebd5bdfa46a342d9edb869e21560a478f8"
  version = "v1.10.2"

[[projects]]
  digest = "1:b20d8767957e40b9302a8caaee88caa698513fbd972509a54555302c3aebfa04"
  name = "github.com/miekg/dns"
  packages = ["."]
  pruneopts = "UT"
  revision = "7064f7248f5fa5fd79382a76328b4e200b79e4ae"
  version = "v1.0.15"

[[projects]]
  digest = "1:40e195917a951a8bf867cd05de2a46aaf1806c50cf92eebf4c16f78cd196f747"
  name = "github.com/pkg/errors"
  packages = ["."]
  pruneopts = "UT"
  revision = "645ef00459ed84a119197bfb8d8205042c6df63d"
  version = "v0.8.0"

[[projects]]
  digest = "1:b021fa67161b3ed0906f0377716b5205c1d337ad6bde1e7e5ebf57f52dea0dae"
  name = "github.com/tdewolff/parse"
  packages = ["buffer"]
  pruneopts = "UT"
  revision = "e17a58950f45a84f85371dba655c8923f75836a2"
  version = "v2.3.5"

[[projects]]
  branch = "master"
  digest = "1:c4226e24d66a2d4d52b6ad5c803ae04f3a707f29b24cfaec82b1f5fe03bb1ca9"
  name = "github.com/zaccone/spf"
  packages = ["."]
  pruneopts = "UT"
  revision = "76747b8658d9b8686ce812a0e3a2d3be904c980e"

[[projects]]
  branch = "master"
  digest = "1:d5891c5bca9c62e5d394ca26491d2b710a1dc08cedeb0ca8f9ac4c3305120b02"
  name = "golang.org/x/crypto"
  packages = [
    "ed25519",
    "ed25519/internal/edwards25519",
  ]
  pruneopts = "UT"
  revision = "3d3f9f413869b949e48070b5bc593aa22cc2b8f2"

[[projects]]
  branch = "master"
  digest = "1:cb654515e13334d0bf09947e7c881fe7eeaa119a1bb0d425f665b9c1115c78a7"
  name = "golang.org/x/net"
  packages = [
    "bpf",
    "idna",
    "internal/iana",
    "internal/socket",
    "ipv4",
    "ipv6",
    "publicsuffix",
  ]
  pruneopts = "UT"
  revision = "adae6a3d119ae4890b46832a2e88a95adc62b8e7"

[[projects]]
  branch = "master"
  digest = "1:225564f71149334315118db714e1ea87513e4a11cf4acb27e26bc7577cebfa0b"
  name = "golang.org/x/sys"
  packages = ["unix"]
  pruneopts = "UT"
  revision = "62eef0e2fa9b2c385f7b2778e763486da6880d37"

[[projects]]
  digest = "1:a2ab62866c75542dd18d2b069fec854577a20211d7c0ea6ae746072a1dccdd18"
  name = "golang.org/x/text"
  packages = [
    "collate",
    "collate/build",
    "internal/colltab",
    "internal/gen",
    "internal/tag",
    "internal/triegen",
    "internal/ucd",
    "language",
    "secure/bidirule",
    "transform",
    "unicode/bidi",
    "unicode/cldr",
    "unicode/norm",
    "unicode/rangetable",
  ]
  pruneopts = "UT"
  revision = "f21a4dfb5e38f5895301dc265a8def02365cc3d0"
  version = "v0.3.0"

[solve-meta]
  analyzer-name = "dep"
  analyzer-version = 1
  input-imports = [
    "github.com/DusanKasan/parsemail",
    "github.com/alash3al/go-smtpsrv",
    "github.com/go-resty/resty",
    "github.com/pkg/errors",
    "github.com/zaccone/spf",
  ]
  solver-name = "gps-cdcl"
  solver-version = 1
